
Microsoft Visual Studio Solution File, Format Version 12.00
# Visual Studio Version 17
VisualStudioVersion = 17.4.33205.214
MinimumVisualStudioVersion = 10.0.40219.1
Project("{9A19103F-16F7-4668-BE54-9A1E7A4F7556}") = "MusicApp", "MusicApp\MusicApp.csproj", "{1CD11082-50FC-473D-A83E-5B5FF5850715}"
EndProject
Project("{9A19103F-16F7-4668-BE54-9A1E7A4F7556}") = "Domain", "Domain\Domain.csproj", "{6B2F36AF-0611-4E3A-B396-B48F4CA96BB1}"
EndProject
Project("{9A19103F-16F7-4668-BE54-9A1E7A4F7556}") = "Contracts", "Contracts\Contracts.csproj", "{D4DBA62F-50E0-473E-9D07-7F0132D87D5C}"
EndProject
Project("{9A19103F-16F7-4668-BE54-9A1E7A4F7556}") = "Persistence", "Persistence\Persistence.csproj", "{15538D6A-8154-4923-9E11-E8FEFC3F85B1}"
EndProject
Project("{9A19103F-16F7-4668-BE54-9A1E7A4F7556}") = "FirstWebApi", "..\FirstWebApi\FirstWebApi.csproj", "{383AFD51-6540-42F7-BD77-FB67187190E9}"
EndProject
Global
	GlobalSection(SolutionConfigurationPlatforms) = preSolution
		Debug|Any CPU = Debug|Any CPU
		Release|Any CPU = Release|Any CPU
	EndGlobalSection
	GlobalSection(ProjectConfigurationPlatforms) = postSolution
		{1CD11082-50FC-473D-A83E-5B5FF5850715}.Debug|Any CPU.ActiveCfg = Debug|Any CPU
		{1CD11082-50FC-473D-A83E-5B5FF5850715}.Debug|Any CPU.Build.0 = Debug|Any CPU
		{1CD11082-50FC-473D-A83E-5B5FF5850715}.Release|Any CPU.ActiveCfg = Release|Any CPU
		{1CD11082-50FC-473D-A83E-5B5FF5850715}.Release|Any CPU.Build.0 = Release|Any CPU
		{6B2F36AF-0611-4E3A-B396-B48F4CA96BB1}.Debug|Any CPU.ActiveCfg = Debug|Any CPU
		{6B2F36AF-0611-4E3A-B396-B48F4CA96BB1}.Debug|Any CPU.Build.0 = Debug|Any CPU
		{6B2F36AF-0611-4E3A-B396-B48F4CA96BB1}.Release|Any CPU.ActiveCfg = Release|Any CPU
		{6B2F36AF-0611-4E3A-B396-B48F4CA96BB1}.Release|Any CPU.Build.0 = Release|Any CPU
		{D4DBA62F-50E0-473E-9D07-7F0132D87D5C}.Debug|Any CPU.ActiveCfg = Debug|Any CPU
		{D4DBA62F-50E0-473E-9D07-7F0132D87D5C}.Debug|Any CPU.Build.0 = Debug|Any CPU
		{D4DBA62F-50E0-473E-9D07-7F0132D87D5C}.Release|Any CPU.ActiveCfg = Release|Any CPU
		{D4DBA62F-50E0-473E-9D07-7F0132D87D5C}.Release|Any CPU.Build.0 = Release|Any CPU
		{15538D6A-8154-4923-9E11-E8FEFC3F85B1}.Debug|Any CPU.ActiveCfg = Debug|Any CPU
		{15538D6A-8154-4923-9E11-E8FEFC3F85B1}.Debug|Any CPU.Build.0 = Debug|Any CPU
		{15538D6A-8154-4923-9E11-E8FEFC3F85B1}.Release|Any CPU.ActiveCfg = Release|Any CPU
		{15538D6A-8154-4923-9E11-E8FEFC3F85B1}.Release|Any CPU.Build.0 = Release|Any CPU
		{383AFD51-6540-42F7-BD77-FB67187190E9}.Debug|Any CPU.ActiveCfg = Debug|Any CPU
		{383AFD51-6540-42F7-BD77-FB67187190E9}.Debug|Any CPU.Build.0 = Debug|Any CPU
		{383AFD51-6540-42F7-BD77-FB67187190E9}.Release|Any CPU.ActiveCfg = Release|Any CPU
		{383AFD51-6540-42F7-BD77-FB67187190E9}.Release|Any CPU.Build.0 = Release|Any CPU
	EndGlobalSection
	GlobalSection(SolutionProperties) = preSolution
		HideSolutionNode = FALSE
	EndGlobalSection
	GlobalSection(ExtensibilityGlobals) = postSolution
		SolutionGuid = {6ED6D6A8-DF25-4CAF-8655-958835826562}
	EndGlobalSection
EndGlobal
